// !$*UTF8*$!
{
	archiveVersion = 1;
	classes = {
	};
	objectVersion = 46;
	objects = {

/* Begin PBXBuildFile section */
		40544E8E1D36D522003A1BB7 /* AppDelegate.swift in Sources */ = {isa = PBXBuildFile; fileRef = 40544E8D1D36D522003A1BB7 /* AppDelegate.swift */; };
		40544E931D36D522003A1BB7 /* Main.storyboard in Resources */ = {isa = PBXBuildFile; fileRef = 40544E911D36D522003A1BB7 /* Main.storyboard */; };
		40544E951D36D522003A1BB7 /* Assets.xcassets in Resources */ = {isa = PBXBuildFile; fileRef = 40544E941D36D522003A1BB7 /* Assets.xcassets */; };
		40544E981D36D522003A1BB7 /* LaunchScreen.storyboard in Resources */ = {isa = PBXBuildFile; fileRef = 40544E961D36D522003A1BB7 /* LaunchScreen.storyboard */; };
		40544EA01D36FAB0003A1BB7 /* SearchTableViewController.swift in Sources */ = {isa = PBXBuildFile; fileRef = 40544E9F1D36FAB0003A1BB7 /* SearchTableViewController.swift */; };
		40544EA31D36FBC2003A1BB7 /* FlowListTableViewController.swift in Sources */ = {isa = PBXBuildFile; fileRef = 40544EA21D36FBC2003A1BB7 /* FlowListTableViewController.swift */; };
		40544EA51D36FC01003A1BB7 /* PoseDetailViewController.swift in Sources */ = {isa = PBXBuildFile; fileRef = 40544EA41D36FC01003A1BB7 /* PoseDetailViewController.swift */; };
		40544EA71D36FC19003A1BB7 /* FlowTableViewController.swift in Sources */ = {isa = PBXBuildFile; fileRef = 40544EA61D36FC19003A1BB7 /* FlowTableViewController.swift */; };
		40544EA91D36FC5F003A1BB7 /* AddFlowTableViewController.swift in Sources */ = {isa = PBXBuildFile; fileRef = 40544EA81D36FC5F003A1BB7 /* AddFlowTableViewController.swift */; };
		40544ECF1D383DF7003A1BB7 /* Model.xcdatamodeld in Sources */ = {isa = PBXBuildFile; fileRef = 40544ECD1D383DF6003A1BB7 /* Model.xcdatamodeld */; };
		40544F051D395EF1003A1BB7 /* Pose+CoreDataProperties.swift in Sources */ = {isa = PBXBuildFile; fileRef = 40544F011D395EF1003A1BB7 /* Pose+CoreDataProperties.swift */; };
		40544F061D395EF1003A1BB7 /* Pose.swift in Sources */ = {isa = PBXBuildFile; fileRef = 40544F021D395EF1003A1BB7 /* Pose.swift */; };
		40544F071D395EF1003A1BB7 /* Flow+CoreDataProperties.swift in Sources */ = {isa = PBXBuildFile; fileRef = 40544F031D395EF1003A1BB7 /* Flow+CoreDataProperties.swift */; };
		40544F081D395EF1003A1BB7 /* Flow.swift in Sources */ = {isa = PBXBuildFile; fileRef = 40544F041D395EF1003A1BB7 /* Flow.swift */; };
/* End PBXBuildFile section */

/* Begin PBXFileReference section */
		40544E8A1D36D522003A1BB7 /* YogaFlow.app */ = {isa = PBXFileReference; explicitFileType = wrapper.application; includeInIndex = 0; path = YogaFlow.app; sourceTree = BUILT_PRODUCTS_DIR; };
		40544E8D1D36D522003A1BB7 /* AppDelegate.swift */ = {isa = PBXFileReference; lastKnownFileType = sourcecode.swift; path = AppDelegate.swift; sourceTree = "<group>"; };
		40544E921D36D522003A1BB7 /* Base */ = {isa = PBXFileReference; lastKnownFileType = file.storyboard; name = Base; path = Base.lproj/Main.storyboard; sourceTree = "<group>"; };
		40544E941D36D522003A1BB7 /* Assets.xcassets */ = {isa = PBXFileReference; lastKnownFileType = folder.assetcatalog; path = Assets.xcassets; sourceTree = "<group>"; };
		40544E971D36D522003A1BB7 /* Base */ = {isa = PBXFileReference; lastKnownFileType = file.storyboard; name = Base; path = Base.lproj/LaunchScreen.storyboard; sourceTree = "<group>"; };
		40544E991D36D522003A1BB7 /* Info.plist */ = {isa = PBXFileReference; lastKnownFileType = text.plist.xml; path = Info.plist; sourceTree = "<group>"; };
		40544E9F1D36FAB0003A1BB7 /* SearchTableViewController.swift */ = {isa = PBXFileReference; fileEncoding = 4; lastKnownFileType = sourcecode.swift; path = SearchTableViewController.swift; sourceTree = "<group>"; };
		40544EA21D36FBC2003A1BB7 /* FlowListTableViewController.swift */ = {isa = PBXFileReference; fileEncoding = 4; lastKnownFileType = sourcecode.swift; path = FlowListTableViewController.swift; sourceTree = "<group>"; };
		40544EA41D36FC01003A1BB7 /* PoseDetailViewController.swift */ = {isa = PBXFileReference; fileEncoding = 4; lastKnownFileType = sourcecode.swift; path = PoseDetailViewController.swift; sourceTree = "<group>"; };
		40544EA61D36FC19003A1BB7 /* FlowTableViewController.swift */ = {isa = PBXFileReference; fileEncoding = 4; lastKnownFileType = sourcecode.swift; path = FlowTableViewController.swift; sourceTree = "<group>"; };
		40544EA81D36FC5F003A1BB7 /* AddFlowTableViewController.swift */ = {isa = PBXFileReference; fileEncoding = 4; lastKnownFileType = sourcecode.swift; path = AddFlowTableViewController.swift; sourceTree = "<group>"; };
		40544ECE1D383DF7003A1BB7 /* Model.xcdatamodel */ = {isa = PBXFileReference; lastKnownFileType = wrapper.xcdatamodel; path = Model.xcdatamodel; sourceTree = "<group>"; };
		40544F011D395EF1003A1BB7 /* Pose+CoreDataProperties.swift */ = {isa = PBXFileReference; fileEncoding = 4; lastKnownFileType = sourcecode.swift; path = "Pose+CoreDataProperties.swift"; sourceTree = "<group>"; };
		40544F021D395EF1003A1BB7 /* Pose.swift */ = {isa = PBXFileReference; fileEncoding = 4; lastKnownFileType = sourcecode.swift; path = Pose.swift; sourceTree = "<group>"; };
		40544F031D395EF1003A1BB7 /* Flow+CoreDataProperties.swift */ = {isa = PBXFileReference; fileEncoding = 4; lastKnownFileType = sourcecode.swift; path = "Flow+CoreDataProperties.swift"; sourceTree = "<group>"; };
		40544F041D395EF1003A1BB7 /* Flow.swift */ = {isa = PBXFileReference; fileEncoding = 4; lastKnownFileType = sourcecode.swift; path = Flow.swift; sourceTree = "<group>"; };
/* End PBXFileReference section */

/* Begin PBXFrameworksBuildPhase section */
		40544E871D36D522003A1BB7 /* Frameworks */ = {
			isa = PBXFrameworksBuildPhase;
			buildActionMask = 2147483647;
			files = (
			);
			runOnlyForDeploymentPostprocessing = 0;
		};
/* End PBXFrameworksBuildPhase section */

/* Begin PBXGroup section */
		40544E811D36D522003A1BB7 = {
			isa = PBXGroup;
			children = (
				40544E8C1D36D522003A1BB7 /* YogaFlow */,
				40544E8B1D36D522003A1BB7 /* Products */,
			);
			sourceTree = "<group>";
		};
		40544E8B1D36D522003A1BB7 /* Products */ = {
			isa = PBXGroup;
			children = (
				40544E8A1D36D522003A1BB7 /* YogaFlow.app */,
			);
			name = Products;
			sourceTree = "<group>";
		};
		40544E8C1D36D522003A1BB7 /* YogaFlow */ = {
			isa = PBXGroup;
			children = (
				40544E911D36D522003A1BB7 /* Main.storyboard */,
				40544ED01D383DFB003A1BB7 /* Model Objects */,
				40544EA11D36FAC6003A1BB7 /* View Controllers */,
				40544E941D36D522003A1BB7 /* Assets.xcassets */,
				40544E8D1D36D522003A1BB7 /* AppDelegate.swift */,
				40544E961D36D522003A1BB7 /* LaunchScreen.storyboard */,
				40544E991D36D522003A1BB7 /* Info.plist */,
			);
			path = YogaFlow;
			sourceTree = "<group>";
		};
		40544EA11D36FAC6003A1BB7 /* View Controllers */ = {
			isa = PBXGroup;
			children = (
				40544EA21D36FBC2003A1BB7 /* FlowListTableViewController.swift */,
				40544EA61D36FC19003A1BB7 /* FlowTableViewController.swift */,
				40544EA81D36FC5F003A1BB7 /* AddFlowTableViewController.swift */,
				40544E9F1D36FAB0003A1BB7 /* SearchTableViewController.swift */,
				40544EA41D36FC01003A1BB7 /* PoseDetailViewController.swift */,
			);
			name = "View Controllers";
			sourceTree = "<group>";
		};
		40544ED01D383DFB003A1BB7 /* Model Objects */ = {
			isa = PBXGroup;
			children = (
				40544ECD1D383DF6003A1BB7 /* Model.xcdatamodeld */,
				40544F011D395EF1003A1BB7 /* Pose+CoreDataProperties.swift */,
				40544F021D395EF1003A1BB7 /* Pose.swift */,
				40544F031D395EF1003A1BB7 /* Flow+CoreDataProperties.swift */,
				40544F041D395EF1003A1BB7 /* Flow.swift */,
			);
			name = "Model Objects";
			sourceTree = "<group>";
		};
/* End PBXGroup section */

/* Begin PBXNativeTarget section */
		40544E891D36D522003A1BB7 /* YogaFlow */ = {
			isa = PBXNativeTarget;
			buildConfigurationList = 40544E9C1D36D523003A1BB7 /* Build configuration list for PBXNativeTarget "YogaFlow" */;
			buildPhases = (
				40544E861D36D522003A1BB7 /* Sources */,
				40544E871D36D522003A1BB7 /* Frameworks */,
				40544E881D36D522003A1BB7 /* Resources */,
			);
			buildRules = (
			);
			dependencies = (
			);
			name = YogaFlow;
			productName = YogaFlow;
			productReference = 40544E8A1D36D522003A1BB7 /* YogaFlow.app */;
			productType = "com.apple.product-type.application";
		};
/* End PBXNativeTarget section */

/* Begin PBXProject section */
		40544E821D36D522003A1BB7 /* Project object */ = {
			isa = PBXProject;
			attributes = {
				LastSwiftUpdateCheck = 0730;
				LastUpgradeCheck = 0730;
				ORGANIZATIONNAME = "Emily Mearns";
				TargetAttributes = {
					40544E891D36D522003A1BB7 = {
						CreatedOnToolsVersion = 7.3;
					};
				};
			};
			buildConfigurationList = 40544E851D36D522003A1BB7 /* Build configuration list for PBXProject "YogaFlow" */;
			compatibilityVersion = "Xcode 3.2";
			developmentRegion = English;
			hasScannedForEncodings = 0;
			knownRegions = (
				en,
				Base,
			);
			mainGroup = 40544E811D36D522003A1BB7;
			productRefGroup = 40544E8B1D36D522003A1BB7 /* Products */;
			projectDirPath = "";
			projectRoot = "";
			targets = (
				40544E891D36D522003A1BB7 /* YogaFlow */,
			);
		};
/* End PBXProject section */

/* Begin PBXResourcesBuildPhase section */
		40544E881D36D522003A1BB7 /* Resources */ = {
			isa = PBXResourcesBuildPhase;
			buildActionMask = 2147483647;
			files = (
				40544E981D36D522003A1BB7 /* LaunchScreen.storyboard in Resources */,
				40544E951D36D522003A1BB7 /* Assets.xcassets in Resources */,
				40544E931D36D522003A1BB7 /* Main.storyboard in Resources */,
			);
			runOnlyForDeploymentPostprocessing = 0;
		};
/* End PBXResourcesBuildPhase section */

/* Begin PBXSourcesBuildPhase section */
		40544E861D36D522003A1BB7 /* Sources */ = {
			isa = PBXSourcesBuildPhase;
			buildActionMask = 2147483647;
			files = (
				40544EA91D36FC5F003A1BB7 /* AddFlowTableViewController.swift in Sources */,
				40544E8E1D36D522003A1BB7 /* AppDelegate.swift in Sources */,
				40544F051D395EF1003A1BB7 /* Pose+CoreDataProperties.swift in Sources */,
				40544EA01D36FAB0003A1BB7 /* SearchTableViewController.swift in Sources */,
				40544ECF1D383DF7003A1BB7 /* Model.xcdatamodeld in Sources */,
				40544EA51D36FC01003A1BB7 /* PoseDetailViewController.swift in Sources */,
				40544F061D395EF1003A1BB7 /* Pose.swift in Sources */,
				40544F081D395EF1003A1BB7 /* Flow.swift in Sources */,
				40544F071D395EF1003A1BB7 /* Flow+CoreDataProperties.swift in Sources */,
				40544EA31D36FBC2003A1BB7 /* FlowListTableViewController.swift in Sources */,
				40544EA71D36FC19003A1BB7 /* FlowTableViewController.swift in Sources */,
			);
			runOnlyForDeploymentPostprocessing = 0;
		};
/* End PBXSourcesBuildPhase section */

/* Begin PBXVariantGroup section */
		40544E911D36D522003A1BB7 /* Main.storyboard */ = {
			isa = PBXVariantGroup;
			children = (
				40544E921D36D522003A1BB7 /* Base */,
			);
			name = Main.storyboard;
			sourceTree = "<group>";
		};
		40544E961D36D522003A1BB7 /* LaunchScreen.storyboard */ = {
			isa = PBXVariantGroup;
			children = (
				40544E971D36D522003A1BB7 /* Base */,
			);
			name = LaunchScreen.storyboard;
			sourceTree = "<group>";
		};
/* End PBXVariantGroup section */

/* Begin XCBuildConfiguration section */
		40544E9A1D36D522003A1BB7 /* Debug */ = {
			isa = XCBuildConfiguration;
			buildSettings = {
				ALWAYS_SEARCH_USER_PATHS = NO;
				CLANG_ANALYZER_NONNULL = YES;
				CLANG_CXX_LANGUAGE_STANDARD = "gnu++0x";
				CLANG_CXX_LIBRARY = "libc++";
				CLANG_ENABLE_MODULES = YES;
				CLANG_ENABLE_OBJC_ARC = YES;
				CLANG_WARN_BOOL_CONVERSION = YES;
				CLANG_WARN_CONSTANT_CONVERSION = YES;
				CLANG_WARN_DIRECT_OBJC_ISA_USAGE = YES_ERROR;
				CLANG_WARN_EMPTY_BODY = YES;
				CLANG_WARN_ENUM_CONVERSION = YES;
				CLANG_WARN_INT_CONVERSION = YES;
				CLANG_WARN_OBJC_ROOT_CLASS = YES_ERROR;
				CLANG_WARN_UNREACHABLE_CODE = YES;
				CLANG_WARN__DUPLICATE_METHOD_MATCH = YES;
				"CODE_SIGN_IDENTITY[sdk=iphoneos*]" = "iPhone Developer";
				COPY_PHASE_STRIP = NO;
				DEBUG_INFORMATION_FORMAT = dwarf;
				ENABLE_STRICT_OBJC_MSGSEND = YES;
				ENABLE_TESTABILITY = YES;
				GCC_C_LANGUAGE_STANDARD = gnu99;
				GCC_DYNAMIC_NO_PIC = NO;
				GCC_NO_COMMON_BLOCKS = YES;
				GCC_OPTIMIZATION_LEVEL = 0;
				GCC_PREPROCESSOR_DEFINITIONS = (
					"DEBUG=1",
					"$(inherited)",
				);
				GCC_WARN_64_TO_32_BIT_CONVERSION = YES;
				GCC_WARN_ABOUT_RETURN_TYPE = YES_ERROR;
				GCC_WARN_UNDECLARED_SELECTOR = YES;
				GCC_WARN_UNINITIALIZED_AUTOS = YES_AGGRESSIVE;
				GCC_WARN_UNUSED_FUNCTION = YES;
				GCC_WARN_UNUSED_VARIABLE = YES;
				IPHONEOS_DEPLOYMENT_TARGET = 9.3;
				MTL_ENABLE_DEBUG_INFO = YES;
				ONLY_ACTIVE_ARCH = YES;
				SDKROOT = iphoneos;
				SWIFT_OPTIMIZATION_LEVEL = "-Onone";
				TARGETED_DEVICE_FAMILY = "1,2";
			};
			name = Debug;
		};
		40544E9B1D36D523003A1BB7 /* Release */ = {
			isa = XCBuildConfiguration;
			buildSettings = {
				ALWAYS_SEARCH_USER_PATHS = NO;
				CLANG_ANALYZER_NONNULL = YES;
				CLANG_CXX_LANGUAGE_STANDARD = "gnu++0x";
				CLANG_CXX_LIBRARY = "libc++";
				CLANG_ENABLE_MODULES = YES;
				CLANG_ENABLE_OBJC_ARC = YES;
				CLANG_WARN_BOOL_CONVERSION = YES;
				CLANG_WARN_CONSTANT_CONVERSION = YES;
				CLANG_WARN_DIRECT_OBJC_ISA_USAGE = YES_ERROR;
				CLANG_WARN_EMPTY_BODY = YES;
				CLANG_WARN_ENUM_CONVERSION = YES;
				CLANG_WARN_INT_CONVERSION = YES;
				CLANG_WARN_OBJC_ROOT_CLASS = YES_ERROR;
				CLANG_WARN_UNREACHABLE_CODE = YES;
				CLANG_WARN__DUPLICATE_METHOD_MATCH = YES;
				"CODE_SIGN_IDENTITY[sdk=iphoneos*]" = "iPhone Developer";
				COPY_PHASE_STRIP = NO;
				DEBUG_INFORMATION_FORMAT = "dwarf-with-dsym";
				ENABLE_NS_ASSERTIONS = NO;
				ENABLE_STRICT_OBJC_MSGSEND = YES;
				GCC_C_LANGUAGE_STANDARD = gnu99;
				GCC_NO_COMMON_BLOCKS = YES;
				GCC_WARN_64_TO_32_BIT_CONVERSION = YES;
				GCC_WARN_ABOUT_RETURN_TYPE = YES_ERROR;
				GCC_WARN_UNDECLARED_SELECTOR = YES;
				GCC_WARN_UNINITIALIZED_AUTOS = YES_AGGRESSIVE;
				GCC_WARN_UNUSED_FUNCTION = YES;
				GCC_WARN_UNUSED_VARIABLE = YES;
				IPHONEOS_DEPLOYMENT_TARGET = 9.3;
				MTL_ENABLE_DEBUG_INFO = NO;
				SDKROOT = iphoneos;
				TARGETED_DEVICE_FAMILY = "1,2";
				VALIDATE_PRODUCT = YES;
			};
			name = Release;
		};
		40544E9D1D36D523003A1BB7 /* Debug */ = {
			isa = XCBuildConfiguration;
			buildSettings = {
				ASSETCATALOG_COMPILER_APPICON_NAME = AppIcon;
				INFOPLIST_FILE = YogaFlow/Info.plist;
				LD_RUNPATH_SEARCH_PATHS = "$(inherited) @executable_path/Frameworks";
				PRODUCT_BUNDLE_IDENTIFIER = com.EM.YogaFlow;
				PRODUCT_NAME = "$(TARGET_NAME)";
			};
			name = Debug;
		};
		40544E9E1D36D523003A1BB7 /* Release */ = {
			isa = XCBuildConfiguration;
			buildSettings = {
				ASSETCATALOG_COMPILER_APPICON_NAME = AppIcon;
				INFOPLIST_FILE = YogaFlow/Info.plist;
				LD_RUNPATH_SEARCH_PATHS = "$(inherited) @executable_path/Frameworks";
				PRODUCT_BUNDLE_IDENTIFIER = com.EM.YogaFlow;
				PRODUCT_NAME = "$(TARGET_NAME)";
			};
			name = Release;
		};
/* End XCBuildConfiguration section */

/* Begin XCConfigurationList section */
		40544E851D36D522003A1BB7 /* Build configuration list for PBXProject "YogaFlow" */ = {
			isa = XCConfigurationList;
			buildConfigurations = (
				40544E9A1D36D522003A1BB7 /* Debug */,
				40544E9B1D36D523003A1BB7 /* Release */,
			);
			defaultConfigurationIsVisible = 0;
			defaultConfigurationName = Release;
		};
		40544E9C1D36D523003A1BB7 /* Build configuration list for PBXNativeTarget "YogaFlow" */ = {
			isa = XCConfigurationList;
			buildConfigurations = (
				40544E9D1D36D523003A1BB7 /* Debug */,
				40544E9E1D36D523003A1BB7 /* Release */,
			);
			defaultConfigurationIsVisible = 0;
			defaultConfigurationName = Release;
		};
/* End XCConfigurationList section */

/* Begin XCVersionGroup section */
		40544ECD1D383DF6003A1BB7 /* Model.xcdatamodeld */ = {
			isa = XCVersionGroup;
			children = (
				40544ECE1D383DF7003A1BB7 /* Model.xcdatamodel */,
			);
			currentVersion = 40544ECE1D383DF7003A1BB7 /* Model.xcdatamodel */;
			path = Model.xcdatamodeld;
			sourceTree = "<group>";
			versionGroupType = wrapper.xcdatamodel;
		};
/* End XCVersionGroup section */
	};
	rootObject = 40544E821D36D522003A1BB7 /* Project object */;
}
